
Microsoft Visual Studio Solution File, Format Version 12.00
# Visual Studio Version 17
VisualStudioVersion = 17.11.35222.181
MinimumVisualStudioVersion = 10.0.40219.1
Project("{FAE04EC0-301F-11D3-BF4B-00C04F79EFBC}") = "EntityFrameworkPractice", "EntityFrameworkPractice\EntityFrameworkPractice.csproj", "{D991F954-D8E5-419F-97A1-773260BC2F2B}"
EndProject
Project("{2150E333-8FDC-42A3-9474-1A3956D46DE8}") = "Solution Items", "Solution Items", "{9601C0C2-1884-4865-8F38-DE5456F068D5}"
EndProject
Global
	GlobalSection(SolutionConfigurationPlatforms) = preSolution
		Debug|Any CPU = Debug|Any CPU
		Release|Any CPU = Release|Any CPU
	EndGlobalSection
	GlobalSection(ProjectConfigurationPlatforms) = postSolution
		{D991F954-D8E5-419F-97A1-773260BC2F2B}.Debug|Any CPU.ActiveCfg = Debug|Any CPU
		{D991F954-D8E5-419F-97A1-773260BC2F2B}.Debug|Any CPU.Build.0 = Debug|Any CPU
		{D991F954-D8E5-419F-97A1-773260BC2F2B}.Release|Any CPU.ActiveCfg = Release|Any CPU
		{D991F954-D8E5-419F-97A1-773260BC2F2B}.Release|Any CPU.Build.0 = Release|Any CPU
	EndGlobalSection
	GlobalSection(SolutionProperties) = preSolution
		HideSolutionNode = FALSE
	EndGlobalSection
	GlobalSection(ExtensibilityGlobals) = postSolution
		SolutionGuid = {895E7CBC-1672-4D85-94D5-FC42F6B2F94A}
	EndGlobalSection
EndGlobal
